github.com/caarlos0/env v3.5.0+incompatible h1:Yy0UN8o9Wtr/jGHZDpCBLpNrzcFLLM2yixi/rBrKyJs=
github.com/caarlos0/env v3.5.0+incompatible/go.mod h1:tdCsowwCzMLdkqRYDlHpZCp2UooDD3MspDBjZ2AD02Y=
github.com/eclipse/paho.mqtt.golang v1.1.1 h1:iPJYXJLaViCshRTW/PSqImSS6HJ2Rf671WR0bXZ2GIU=
github.com/eclipse/paho.mqtt.golang v1.1.1/go.mod h1:H9keYFcgq3Qr5OUJm/JZI/i6U7joQ8SYLhZwfeOo6Ts=
github.com/kierdavis/ihex-go v0.0.0-20180105024510-bf28f2206797 h1:W3pEj5EglEQLUAMwE6PBm3Y1DZapp7AOsSeHeDZnTwI=
github.com/kierdavis/ihex-go v0.0.0-20180105024510-bf28f2206797/go.mod h1:XCg/J3R8D3GZvAYjJx0Q6R9OzF+fUgzYHu2exysdiIE=
go.uber.org/dig v1.6.0 h1:SUxK4CpYs3SRlqTLku5uaXbiSmyycpSFZG6B/fJ8C+4=
go.uber.org/dig v1.6.0/go.mod h1:z+dSd2TP9Usi48jL8M3v63iSBVkiwtVyMKxMZYYauPg=
golang.org/x/net v0.0.0-20181108082009-03003ca0c849 h1:FSqE2GGG7wzsYUsWiQ8MZrvEd1EOyU3NCF0AW3Wtltg=
golang.org/x/net v0.0.0-20181108082009-03003ca0c849/go.mod h1:mL1N/T3taQHkDXs73rZJwtUhF3w3ftmwwsq0BUmARs4=
gopkg.in/check.v1 v0.0.0-20161208181325-20d25e280405/go.mod h1:Co6ibVJAznAaIkqp8huTwlJQCZ016jof/cbN4VW5Yz0=
gopkg.in/yaml.v2 v2.2.1 h1:mUhvW9EsL+naU5Q3cakzfE91YhliOondGd6ZrsDBHQE=
gopkg.in/yaml.v2 v2.2.1/go.mod h1:hI93XBmqTisBFMUTm0b8Fm+jr3Dg1NNxqwp+5A1VGuI=
